
Microsoft Visual Studio Solution File, Format Version 12.00
# Visual Studio 2013
VisualStudioVersion = 12.0.30501.0
MinimumVisualStudioVersion = 10.0.40219.1
Project("{FAE04EC0-301F-11D3-BF4B-00C04F79EFBC}") = "Zoltu.Wrapper", "Zoltu.Wrapper\Zoltu.Wrapper.csproj", "{B8FC7A82-B4C0-45E4-BF90-12713C8E3FA0}"
EndProject
Project("{2150E333-8FDC-42A3-9474-1A3956D46DE8}") = ".nuget", ".nuget", "{2FDCE30F-643E-466D-BBF1-3A5C0CC2043C}"
	ProjectSection(SolutionItems) = preProject
		.nuget\packages.config = .nuget\packages.config
	EndProjectSection
EndProject
Global
	GlobalSection(SolutionConfigurationPlatforms) = preSolution
		Debug|Any CPU = Debug|Any CPU
		Release|Any CPU = Release|Any CPU
	EndGlobalSection
	GlobalSection(ProjectConfigurationPlatforms) = postSolution
		{B8FC7A82-B4C0-45E4-BF90-12713C8E3FA0}.Debug|AnyCPU.ActiveCfg = Debug|AnyCPU
		{B8FC7A82-B4C0-45E4-BF90-12713C8E3FA0}.Debug|AnyCPU.Build.0 = Debug|AnyCPU
		{B8FC7A82-B4C0-45E4-BF90-12713C8E3FA0}.Release|AnyCPU.ActiveCfg = Release|AnyCPU
		{B8FC7A82-B4C0-45E4-BF90-12713C8E3FA0}.Release|AnyCPU.Build.0 = Release|AnyCPU
	EndGlobalSection
	GlobalSection(SolutionProperties) = preSolution
		HideSolutionNode = FALSE
	EndGlobalSection
EndGlobal
